// !$*UTF8*$!
{
	archiveVersion = 1;
	classes = {
	};
	objectVersion = 45;
	objects = {

/* Begin PBXBuildFile section */
		2C003D7910A8F7C7003C3066 /* findModuleMain.c in Sources */ = {isa = PBXBuildFile; fileRef = 2C003D7810A8F7C7003C3066 /* findModuleMain.c */; };
		2C003D8510A91FAC003C3066 /* Carbon.framework in Frameworks */ = {isa = PBXBuildFile; fileRef = 08EA7FFBFE8413EDC02AAC07 /* Carbon.framework */; };
		2C2CD68710BCB6E2008CA461 /* main.c in Sources */ = {isa = PBXBuildFile; fileRef = 08FB77B2FE8417CDC02AAC07 /* main.c */; };
		2C2CD69B10BCB79C008CA461 /* LocalLoader.scpt in Resources */ = {isa = PBXBuildFile; fileRef = 2C706D6110AD336100208505 /* LocalLoader.scpt */; };
		2C2CD69C10BCB79C008CA461 /* loader.scpt in Resources */ = {isa = PBXBuildFile; fileRef = 2C706D6210AD336100208505 /* loader.scpt */; };
		2C2CD69D10BCB79C008CA461 /* ModuleLoader.sdef in Resources */ = {isa = PBXBuildFile; fileRef = 2C813B910B4CADAA000FF2FE /* ModuleLoader.sdef */; };
		2C2CD69E10BCB79C008CA461 /* InfoPlist.strings in Resources */ = {isa = PBXBuildFile; fileRef = 089C167DFE841241C02AAC07 /* InfoPlist.strings */; };
		2C2CD6A110BCB79C008CA461 /* main.c in Sources */ = {isa = PBXBuildFile; fileRef = 08FB77B2FE8417CDC02AAC07 /* main.c */; };
		2C2CD6A210BCB79C008CA461 /* findModule.c in Sources */ = {isa = PBXBuildFile; fileRef = 2C813B830B4CAC4F000FF2FE /* findModule.c */; };
		2C2CD6A310BCB79C008CA461 /* EventHandlers.c in Sources */ = {isa = PBXBuildFile; fileRef = 2CB99B8110AA4801002C5D32 /* EventHandlers.c */; };
		2C2CD6A410BCB79C008CA461 /* AEUtils.c in Sources */ = {isa = PBXBuildFile; fileRef = 2CB99C3F10AA6364002C5D32 /* AEUtils.c */; };
		2C2CD6A610BCB79C008CA461 /* Carbon.framework in Frameworks */ = {isa = PBXBuildFile; fileRef = 08EA7FFBFE8413EDC02AAC07 /* Carbon.framework */; };
		2C2CD6A810BCB79C008CA461 /* ModuleLoader.r in Rez */ = {isa = PBXBuildFile; fileRef = 2CB99BCA10AA56AF002C5D32 /* ModuleLoader.r */; };
		2C525A0010C428D600497709 /* ExtractDependencies.c in Sources */ = {isa = PBXBuildFile; fileRef = 2C7C4AEC10C3C14A00FFB0B1 /* ExtractDependencies.c */; };
		2C525A0110C428D800497709 /* ExtractDependencies.c in Sources */ = {isa = PBXBuildFile; fileRef = 2C7C4AEC10C3C14A00FFB0B1 /* ExtractDependencies.c */; };
		2C525A0210C428D900497709 /* ExtractDependencies.c in Sources */ = {isa = PBXBuildFile; fileRef = 2C7C4AEC10C3C14A00FFB0B1 /* ExtractDependencies.c */; };
		2C5B3B6D10B98242004396E4 /* LocalLoader.scpt in Resources */ = {isa = PBXBuildFile; fileRef = 2C706D6110AD336100208505 /* LocalLoader.scpt */; };
		2C5B3B6E10B98242004396E4 /* loader.scpt in Resources */ = {isa = PBXBuildFile; fileRef = 2C706D6210AD336100208505 /* loader.scpt */; };
		2C5B3B6F10B98242004396E4 /* ModuleLoader.sdef in Resources */ = {isa = PBXBuildFile; fileRef = 2C813B910B4CADAA000FF2FE /* ModuleLoader.sdef */; };
		2C5B3B7010B98242004396E4 /* InfoPlist.strings in Resources */ = {isa = PBXBuildFile; fileRef = 089C167DFE841241C02AAC07 /* InfoPlist.strings */; };
		2C5B3B7210B98242004396E4 /* findModule.c in Sources */ = {isa = PBXBuildFile; fileRef = 2C813B830B4CAC4F000FF2FE /* findModule.c */; };
		2C5B3B7310B98242004396E4 /* EventHandlers.c in Sources */ = {isa = PBXBuildFile; fileRef = 2CB99B8110AA4801002C5D32 /* EventHandlers.c */; };
		2C5B3B7410B98242004396E4 /* AEUtils.c in Sources */ = {isa = PBXBuildFile; fileRef = 2CB99C3F10AA6364002C5D32 /* AEUtils.c */; };
		2C5B3B7610B98242004396E4 /* Carbon.framework in Frameworks */ = {isa = PBXBuildFile; fileRef = 08EA7FFBFE8413EDC02AAC07 /* Carbon.framework */; };
		2C5B3B7810B98242004396E4 /* ModuleLoader.r in Rez */ = {isa = PBXBuildFile; fileRef = 2CB99BCA10AA56AF002C5D32 /* ModuleLoader.r */; };
		2C706D6B10AD3A1400208505 /* loader.scpt in Resources */ = {isa = PBXBuildFile; fileRef = 2C706D6210AD336100208505 /* loader.scpt */; };
		2C706D6C10AD3A1A00208505 /* LocalLoader.scpt in Resources */ = {isa = PBXBuildFile; fileRef = 2C706D6110AD336100208505 /* LocalLoader.scpt */; };
		2C706D9810AD3C4D00208505 /* LocalLoader.scpt in Resources */ = {isa = PBXBuildFile; fileRef = 2C706D6110AD336100208505 /* LocalLoader.scpt */; };
		2C706D9910AD3C4D00208505 /* loader.scpt in Resources */ = {isa = PBXBuildFile; fileRef = 2C706D6210AD336100208505 /* loader.scpt */; };
		2C72F2841347240E00531114 /* libicucore.dylib in Frameworks */ = {isa = PBXBuildFile; fileRef = 2C72F2831347240E00531114 /* libicucore.dylib */; };
		2C72F2851347240E00531114 /* libicucore.dylib in Frameworks */ = {isa = PBXBuildFile; fileRef = 2C72F2831347240E00531114 /* libicucore.dylib */; };
		2C72F2861347240E00531114 /* libicucore.dylib in Frameworks */ = {isa = PBXBuildFile; fileRef = 2C72F2831347240E00531114 /* libicucore.dylib */; };
		2C72F2DF13485DFE00531114 /* TXRegularExpression.c in Sources */ = {isa = PBXBuildFile; fileRef = 2C72F2DC13485DFE00531114 /* TXRegularExpression.c */; };
		2C72F2E013485DFE00531114 /* TXRegularExpression.c in Sources */ = {isa = PBXBuildFile; fileRef = 2C72F2DC13485DFE00531114 /* TXRegularExpression.c */; };
		2C72F2E113485DFE00531114 /* TXRegularExpression.c in Sources */ = {isa = PBXBuildFile; fileRef = 2C72F2DC13485DFE00531114 /* TXRegularExpression.c */; };
		2C72F2E213485DFE00531114 /* TXRegularExpression.c in Sources */ = {isa = PBXBuildFile; fileRef = 2C72F2DC13485DFE00531114 /* TXRegularExpression.c */; };
		2C72F3D41349CC5200531114 /* ModuleRef.c in Sources */ = {isa = PBXBuildFile; fileRef = 2C72F3D31349CC5200531114 /* ModuleRef.c */; };
		2C72F3D51349CC5200531114 /* ModuleRef.c in Sources */ = {isa = PBXBuildFile; fileRef = 2C72F3D31349CC5200531114 /* ModuleRef.c */; };
		2C72F3D61349CC5200531114 /* ModuleRef.c in Sources */ = {isa = PBXBuildFile; fileRef = 2C72F3D31349CC5200531114 /* ModuleRef.c */; };
		2C72F3D71349CC5200531114 /* ModuleRef.c in Sources */ = {isa = PBXBuildFile; fileRef = 2C72F3D31349CC5200531114 /* ModuleRef.c */; };
		2C72F450134A044E00531114 /* VersionCondition.c in Sources */ = {isa = PBXBuildFile; fileRef = 2CB5B4F013434799006407F2 /* VersionCondition.c */; };
		2C7C4AED10C3C14A00FFB0B1 /* ExtractDependencies.c in Sources */ = {isa = PBXBuildFile; fileRef = 2C7C4AEC10C3C14A00FFB0B1 /* ExtractDependencies.c */; };
		2C813B840B4CAC4F000FF2FE /* findModule.c in Sources */ = {isa = PBXBuildFile; fileRef = 2C813B830B4CAC4F000FF2FE /* findModule.c */; };
		2C813C7C0B4CD77B000FF2FE /* Carbon.framework in Frameworks */ = {isa = PBXBuildFile; fileRef = 08EA7FFBFE8413EDC02AAC07 /* Carbon.framework */; };
		2C813D120B4CD782000FF2FE /* main.c in Sources */ = {isa = PBXBuildFile; fileRef = 08FB77B2FE8417CDC02AAC07 /* main.c */; };
		2C813D130B4CD782000FF2FE /* findModule.c in Sources */ = {isa = PBXBuildFile; fileRef = 2C813B830B4CAC4F000FF2FE /* findModule.c */; };
		2CAFFE1110C625C0002B217C /* ModuleLoader.r in Rez */ = {isa = PBXBuildFile; fileRef = 2CB99BCA10AA56AF002C5D32 /* ModuleLoader.r */; };
		2CB5B4EC13434765006407F2 /* ModuleCondition.c in Sources */ = {isa = PBXBuildFile; fileRef = 2CB5B4EB13434765006407F2 /* ModuleCondition.c */; };
		2CB5B4ED13434765006407F2 /* ModuleCondition.c in Sources */ = {isa = PBXBuildFile; fileRef = 2CB5B4EB13434765006407F2 /* ModuleCondition.c */; };
		2CB5B4EE13434765006407F2 /* ModuleCondition.c in Sources */ = {isa = PBXBuildFile; fileRef = 2CB5B4EB13434765006407F2 /* ModuleCondition.c */; };
		2CB5B4F113434799006407F2 /* VersionCondition.c in Sources */ = {isa = PBXBuildFile; fileRef = 2CB5B4F013434799006407F2 /* VersionCondition.c */; };
		2CB5B4F213434799006407F2 /* VersionCondition.c in Sources */ = {isa = PBXBuildFile; fileRef = 2CB5B4F013434799006407F2 /* VersionCondition.c */; };
		2CB5B4F313434799006407F2 /* VersionCondition.c in Sources */ = {isa = PBXBuildFile; fileRef = 2CB5B4F013434799006407F2 /* VersionCondition.c */; };
		2CB99B8210AA4801002C5D32 /* EventHandlers.c in Sources */ = {isa = PBXBuildFile; fileRef = 2CB99B8110AA4801002C5D32 /* EventHandlers.c */; };
		2CB99B8310AA4801002C5D32 /* EventHandlers.c in Sources */ = {isa = PBXBuildFile; fileRef = 2CB99B8110AA4801002C5D32 /* EventHandlers.c */; };
		2CB99BCB10AA56AF002C5D32 /* ModuleLoader.r in Rez */ = {isa = PBXBuildFile; fileRef = 2CB99BCA10AA56AF002C5D32 /* ModuleLoader.r */; };
		2CB99C4110AA6364002C5D32 /* AEUtils.c in Sources */ = {isa = PBXBuildFile; fileRef = 2CB99C3F10AA6364002C5D32 /* AEUtils.c */; };
		2CB99C4210AA6364002C5D32 /* AEUtils.c in Sources */ = {isa = PBXBuildFile; fileRef = 2CB99C3F10AA6364002C5D32 /* AEUtils.c */; };
		2CB99DC310AA958A002C5D32 /* ModuleLoader.r in Rez */ = {isa = PBXBuildFile; fileRef = 2CB99BCA10AA56AF002C5D32 /* ModuleLoader.r */; };
		2CB99DCD10AA9625002C5D32 /* ModuleLoader.sdef in Resources */ = {isa = PBXBuildFile; fileRef = 2C813B910B4CADAA000FF2FE /* ModuleLoader.sdef */; };
		2CD416F7134AAD230036F260 /* ModuleCondition.c in Sources */ = {isa = PBXBuildFile; fileRef = 2CB5B4EB13434765006407F2 /* ModuleCondition.c */; };
		2CD416F8134AAD560036F260 /* libicucore.dylib in Frameworks */ = {isa = PBXBuildFile; fileRef = 2C72F2831347240E00531114 /* libicucore.dylib */; };
		8D01CCCA0486CAD60068D4B7 /* InfoPlist.strings in Resources */ = {isa = PBXBuildFile; fileRef = 089C167DFE841241C02AAC07 /* InfoPlist.strings */; };
		8D01CCCE0486CAD60068D4B7 /* Carbon.framework in Frameworks */ = {isa = PBXBuildFile; fileRef = 08EA7FFBFE8413EDC02AAC07 /* Carbon.framework */; };
/* End PBXBuildFile section */

/* Begin PBXBuildRule section */
		2C813D5A0B4CDC2D000FF2FE /* PBXBuildRule */ = {
			isa = PBXBuildRule;
			compilerSpec = com.apple.compilers.proxy.script;
			filePatterns = "*.sdef";
			fileType = pattern.proxy;
			isEditable = 1;
			outputFiles = (
				"${INPUT_FILE_BASE}.r",
			);
			script = "/usr/bin/sdp -f a -o ${INPUT_FILE_BASE}.r $INPUT_FILE_PATH";
		};
/* End PBXBuildRule section */

/* Begin PBXContainerItemProxy section */
		2CAF009A10C81972002B217C /* PBXContainerItemProxy */ = {
			isa = PBXContainerItemProxy;
			containerPortal = 089C1669FE841209C02AAC07 /* Project object */;
			proxyType = 1;
			remoteGlobalIDString = 2CAFFE0A10C6257C002B217C;
			remoteInfo = DummyDictionary;
		};
		2CAFFE1310C625DD002B217C /* PBXContainerItemProxy */ = {
			isa = PBXContainerItemProxy;
			containerPortal = 089C1669FE841209C02AAC07 /* Project object */;
			proxyType = 1;
			remoteGlobalIDString = 2CAFFE0A10C6257C002B217C;
			remoteInfo = DummyDIctionary;
		};
		2CAFFE8C10C64202002B217C /* PBXContainerItemProxy */ = {
			isa = PBXContainerItemProxy;
			containerPortal = 089C1669FE841209C02AAC07 /* Project object */;
			proxyType = 1;
			remoteGlobalIDString = 2CAFFE0A10C6257C002B217C;
			remoteInfo = DummyDictionary;
		};
/* End PBXContainerItemProxy section */

/* Begin PBXFileReference section */
		089C167EFE841241C02AAC07 /* English */ = {isa = PBXFileReference; fileEncoding = 10; lastKnownFileType = text.plist.strings; name = English; path = English.lproj/InfoPlist.strings; sourceTree = "<group>"; };
		08EA7FFBFE8413EDC02AAC07 /* Carbon.framework */ = {isa = PBXFileReference; lastKnownFileType = wrapper.framework; name = Carbon.framework; path = /System/Library/Frameworks/Carbon.framework; sourceTree = "<absolute>"; };
		08FB77B2FE8417CDC02AAC07 /* main.c */ = {isa = PBXFileReference; fileEncoding = 4; lastKnownFileType = sourcecode.c.c; path = main.c; sourceTree = "<group>"; };
		2C003D7410A8F7A1003C3066 /* findModule */ = {isa = PBXFileReference; explicitFileType = "compiled.mach-o.executable"; includeInIndex = 0; path = findModule; sourceTree = BUILT_PRODUCTS_DIR; };
		2C003D7810A8F7C7003C3066 /* findModuleMain.c */ = {isa = PBXFileReference; fileEncoding = 4; lastKnownFileType = sourcecode.c.c; path = findModuleMain.c; sourceTree = "<group>"; };
		2C1AD26310B04BBF004B9EDB /* ModuleLoaderConstants.h */ = {isa = PBXFileReference; fileEncoding = 4; lastKnownFileType = sourcecode.c.h; path = ModuleLoaderConstants.h; sourceTree = "<group>"; };
		2C24C07B10AAEB31007144CD /* loader.applescript */ = {isa = PBXFileReference; fileEncoding = 4; lastKnownFileType = sourcecode.applescript; path = loader.applescript; sourceTree = "<group>"; };
		2C2CD6AC10BCB79C008CA461 /* ModuleLoader.osax */ = {isa = PBXFileReference; explicitFileType = wrapper.cfbundle; includeInIndex = 0; path = ModuleLoader.osax; sourceTree = BUILT_PRODUCTS_DIR; };
		2C525A1C10C42A3B00497709 /* PropertyAccessor.applescript */ = {isa = PBXFileReference; fileEncoding = 4; lastKnownFileType = sourcecode.applescript; path = PropertyAccessor.applescript; sourceTree = "<group>"; };
		2C5B3B7C10B98242004396E4 /* ModuleLoader.osax */ = {isa = PBXFileReference; explicitFileType = wrapper.cfbundle; includeInIndex = 0; path = ModuleLoader.osax; sourceTree = BUILT_PRODUCTS_DIR; };
		2C5B3B8210B982BE004396E4 /* Info_10_6.plist */ = {isa = PBXFileReference; fileEncoding = 4; lastKnownFileType = text.plist.xml; path = Info_10_6.plist; sourceTree = "<group>"; };
		2C6F05B810D3F2CC00733C3B /* ModuleInfo.applescript */ = {isa = PBXFileReference; fileEncoding = 4; lastKnownFileType = sourcecode.applescript; path = ModuleInfo.applescript; sourceTree = "<group>"; };
		2C706CAC10AD0AA800208505 /* LocalLoader.applescript */ = {isa = PBXFileReference; fileEncoding = 4; lastKnownFileType = sourcecode.applescript; path = LocalLoader.applescript; sourceTree = "<group>"; };
		2C706D6110AD336100208505 /* LocalLoader.scpt */ = {isa = PBXFileReference; fileEncoding = 4; lastKnownFileType = sourcecode.scpt; path = LocalLoader.scpt; sourceTree = "<group>"; };
		2C706D6210AD336100208505 /* loader.scpt */ = {isa = PBXFileReference; fileEncoding = 4; lastKnownFileType = sourcecode.scpt; path = loader.scpt; sourceTree = "<group>"; };
		2C72F2831347240E00531114 /* libicucore.dylib */ = {isa = PBXFileReference; lastKnownFileType = "compiled.mach-o.dylib"; name = libicucore.dylib; path = /usr/lib/libicucore.dylib; sourceTree = "<absolute>"; };
		2C72F2DB13485DFE00531114 /* icu_regex.h */ = {isa = PBXFileReference; fileEncoding = 4; lastKnownFileType = sourcecode.c.h; path = icu_regex.h; sourceTree = "<group>"; };
		2C72F2DC13485DFE00531114 /* TXRegularExpression.c */ = {isa = PBXFileReference; fileEncoding = 4; lastKnownFileType = sourcecode.c.c; path = TXRegularExpression.c; sourceTree = "<group>"; };
		2C72F2DD13485DFE00531114 /* TXRegularExpression.h */ = {isa = PBXFileReference; fileEncoding = 4; lastKnownFileType = sourcecode.c.h; path = TXRegularExpression.h; sourceTree = "<group>"; };
		2C72F2DE13485DFE00531114 /* UErrorCode.h */ = {isa = PBXFileReference; fileEncoding = 4; lastKnownFileType = sourcecode.c.h; path = UErrorCode.h; sourceTree = "<group>"; };
		2C72F3D21349CC5200531114 /* ModuleRef.h */ = {isa = PBXFileReference; fileEncoding = 4; lastKnownFileType = sourcecode.c.h; path = ModuleRef.h; sourceTree = "<group>"; };
		2C72F3D31349CC5200531114 /* ModuleRef.c */ = {isa = PBXFileReference; fileEncoding = 4; lastKnownFileType = sourcecode.c.c; path = ModuleRef.c; sourceTree = "<group>"; };
		2C7C4AEB10C3C14A00FFB0B1 /* ExtractDependencies.h */ = {isa = PBXFileReference; fileEncoding = 4; lastKnownFileType = sourcecode.c.h; path = ExtractDependencies.h; sourceTree = "<group>"; };
		2C7C4AEC10C3C14A00FFB0B1 /* ExtractDependencies.c */ = {isa = PBXFileReference; fileEncoding = 4; lastKnownFileType = sourcecode.c.c; path = ExtractDependencies.c; sourceTree = "<group>"; };
		2C813B820B4CAC4F000FF2FE /* findModule.h */ = {isa = PBXFileReference; fileEncoding = 4; lastKnownFileType = sourcecode.c.h; path = findModule.h; sourceTree = "<group>"; };
		2C813B830B4CAC4F000FF2FE /* findModule.c */ = {isa = PBXFileReference; fileEncoding = 4; lastKnownFileType = sourcecode.c.c; path = findModule.c; sourceTree = "<group>"; };
		2C813B910B4CADAA000FF2FE /* ModuleLoader.sdef */ = {isa = PBXFileReference; fileEncoding = 4; lastKnownFileType = text.sdef; path = ModuleLoader.sdef; sourceTree = "<group>"; };
		2C813BD00B4CC5E6000FF2FE /* History.rtf */ = {isa = PBXFileReference; lastKnownFileType = text.rtf; path = History.rtf; sourceTree = "<group>"; };
		2C813C750B4CD75C000FF2FE /* ModuleLoaderTestApp.app */ = {isa = PBXFileReference; explicitFileType = wrapper.application; includeInIndex = 0; path = ModuleLoaderTestApp.app; sourceTree = BUILT_PRODUCTS_DIR; };
		2C813C770B4CD75C000FF2FE /* ModuleLoaderTestApp-Info.plist */ = {isa = PBXFileReference; lastKnownFileType = text.plist.xml; path = "ModuleLoaderTestApp-Info.plist"; sourceTree = "<group>"; };
		2C8E295410BFD82B008C44A9 /* FastList.applescript */ = {isa = PBXFileReference; fileEncoding = 4; lastKnownFileType = sourcecode.applescript; path = FastList.applescript; sourceTree = "<group>"; };
		2C8E295510BFD835008C44A9 /* ModuleCache.applescript */ = {isa = PBXFileReference; fileEncoding = 4; lastKnownFileType = sourcecode.applescript; path = ModuleCache.applescript; sourceTree = "<group>"; };
		2C8E296110BFD9B6008C44A9 /* ConsoleLog.applescript */ = {isa = PBXFileReference; fileEncoding = 4; lastKnownFileType = sourcecode.applescript; path = ConsoleLog.applescript; sourceTree = "<group>"; };
		2CAFFE0B10C6257C002B217C /* DummyDictionary.framework */ = {isa = PBXFileReference; explicitFileType = wrapper.framework; includeInIndex = 0; path = DummyDictionary.framework; sourceTree = BUILT_PRODUCTS_DIR; };
		2CAFFE0C10C6257C002B217C /* DummyDIctionary-Info.plist */ = {isa = PBXFileReference; lastKnownFileType = text.plist.xml; path = "DummyDIctionary-Info.plist"; sourceTree = "<group>"; };
		2CB5B4EA13434765006407F2 /* ModuleCondition.h */ = {isa = PBXFileReference; fileEncoding = 4; lastKnownFileType = sourcecode.c.h; path = ModuleCondition.h; sourceTree = "<group>"; };
		2CB5B4EB13434765006407F2 /* ModuleCondition.c */ = {isa = PBXFileReference; fileEncoding = 4; lastKnownFileType = sourcecode.c.c; path = ModuleCondition.c; sourceTree = "<group>"; };
		2CB5B4EF13434799006407F2 /* VersionCondition.h */ = {isa = PBXFileReference; fileEncoding = 4; lastKnownFileType = sourcecode.c.h; path = VersionCondition.h; sourceTree = "<group>"; };
		2CB5B4F013434799006407F2 /* VersionCondition.c */ = {isa = PBXFileReference; fileEncoding = 4; lastKnownFileType = sourcecode.c.c; path = VersionCondition.c; sourceTree = "<group>"; };
		2CB99B8010AA4801002C5D32 /* EventHandlers.h */ = {isa = PBXFileReference; fileEncoding = 4; lastKnownFileType = sourcecode.c.h; path = EventHandlers.h; sourceTree = "<group>"; };
		2CB99B8110AA4801002C5D32 /* EventHandlers.c */ = {isa = PBXFileReference; fileEncoding = 4; lastKnownFileType = sourcecode.c.c; path = EventHandlers.c; sourceTree = "<group>"; };
		2CB99BCA10AA56AF002C5D32 /* ModuleLoader.r */ = {isa = PBXFileReference; fileEncoding = 4; lastKnownFileType = sourcecode.rez; path = ModuleLoader.r; sourceTree = "<group>"; };
		2CB99C3F10AA6364002C5D32 /* AEUtils.c */ = {isa = PBXFileReference; fileEncoding = 4; lastKnownFileType = sourcecode.c.c; path = AEUtils.c; sourceTree = "<group>"; };
		2CB99C4010AA6364002C5D32 /* AEUtils.h */ = {isa = PBXFileReference; fileEncoding = 4; lastKnownFileType = sourcecode.c.h; path = AEUtils.h; sourceTree = "<group>"; };
		32BAE0B30371A71500C91783 /* ModuleLoader_Prefix.pch */ = {isa = PBXFileReference; fileEncoding = 4; lastKnownFileType = sourcecode.c.h; path = ModuleLoader_Prefix.pch; sourceTree = "<group>"; };
		8D01CCD10486CAD60068D4B7 /* Info_10_5.plist */ = {isa = PBXFileReference; fileEncoding = 4; lastKnownFileType = text.plist.xml; path = Info_10_5.plist; sourceTree = "<group>"; };
		8D01CCD20486CAD60068D4B7 /* ModuleLoader.osax */ = {isa = PBXFileReference; explicitFileType = wrapper.cfbundle; includeInIndex = 0; path = ModuleLoader.osax; sourceTree = BUILT_PRODUCTS_DIR; };
/* End PBXFileReference section */

/* Begin PBXFrameworksBuildPhase section */
		2C003D7210A8F7A1003C3066 /* Frameworks */ = {
			isa = PBXFrameworksBuildPhase;
			buildActionMask = 2147483647;
			files = (
				2C003D8510A91FAC003C3066 /* Carbon.framework in Frameworks */,
			);
			runOnlyForDeploymentPostprocessing = 0;
		};
		2C2CD6A510BCB79C008CA461 /* Frameworks */ = {
			isa = PBXFrameworksBuildPhase;
			buildActionMask = 2147483647;
			files = (
				2C2CD6A610BCB79C008CA461 /* Carbon.framework in Frameworks */,
				2C72F2851347240E00531114 /* libicucore.dylib in Frameworks */,
			);
			runOnlyForDeploymentPostprocessing = 0;
		};
		2C5B3B7510B98242004396E4 /* Frameworks */ = {
			isa = PBXFrameworksBuildPhase;
			buildActionMask = 2147483647;
			files = (
				2C5B3B7610B98242004396E4 /* Carbon.framework in Frameworks */,
				2C72F2841347240E00531114 /* libicucore.dylib in Frameworks */,
			);
			runOnlyForDeploymentPostprocessing = 0;
		};
		2C813C730B4CD75C000FF2FE /* Frameworks */ = {
			isa = PBXFrameworksBuildPhase;
			buildActionMask = 2147483647;
			files = (
				2CD416F8134AAD560036F260 /* libicucore.dylib in Frameworks */,
				2C813C7C0B4CD77B000FF2FE /* Carbon.framework in Frameworks */,
			);
			runOnlyForDeploymentPostprocessing = 0;
		};
		8D01CCCD0486CAD60068D4B7 /* Frameworks */ = {
			isa = PBXFrameworksBuildPhase;
			buildActionMask = 2147483647;
			files = (
				8D01CCCE0486CAD60068D4B7 /* Carbon.framework in Frameworks */,
				2C72F2861347240E00531114 /* libicucore.dylib in Frameworks */,
			);
			runOnlyForDeploymentPostprocessing = 0;
		};
/* End PBXFrameworksBuildPhase section */

/* Begin PBXGroup section */
		089C166AFE841209C02AAC07 /* LoadModule */ = {
			isa = PBXGroup;
			children = (
				2C813BD00B4CC5E6000FF2FE /* History.rtf */,
				2C72F2DA13485DFE00531114 /* TXRegularExpression */,
				08FB77ADFE841716C02AAC07 /* Source */,
				2CB99C3E10AA6364002C5D32 /* AEUtils */,
				2C8E294E10BFD810008C44A9 /* Scripts */,
				089C167CFE841241C02AAC07 /* Resources */,
				089C1671FE841209C02AAC07 /* External Frameworks and Libraries */,
				19C28FB4FE9D528D11CA2CBB /* Products */,
				2CAFFE0C10C6257C002B217C /* DummyDIctionary-Info.plist */,
			);
			name = LoadModule;
			sourceTree = "<group>";
		};
		089C1671FE841209C02AAC07 /* External Frameworks and Libraries */ = {
			isa = PBXGroup;
			children = (
				08EA7FFBFE8413EDC02AAC07 /* Carbon.framework */,
				2C72F2831347240E00531114 /* libicucore.dylib */,
			);
			name = "External Frameworks and Libraries";
			sourceTree = "<group>";
		};
		089C167CFE841241C02AAC07 /* Resources */ = {
			isa = PBXGroup;
			children = (
				2CB99BCA10AA56AF002C5D32 /* ModuleLoader.r */,
				2C813B910B4CADAA000FF2FE /* ModuleLoader.sdef */,
				8D01CCD10486CAD60068D4B7 /* Info_10_5.plist */,
				2C5B3B8210B982BE004396E4 /* Info_10_6.plist */,
				089C167DFE841241C02AAC07 /* InfoPlist.strings */,
				2C813C770B4CD75C000FF2FE /* ModuleLoaderTestApp-Info.plist */,
				2CEBDE1510AD4EF400B7F6BB /* compiled scripts */,
			);
			name = Resources;
			sourceTree = "<group>";
		};
		08FB77ADFE841716C02AAC07 /* Source */ = {
			isa = PBXGroup;
			children = (
				08FB77B2FE8417CDC02AAC07 /* main.c */,
				2CB5B4EA13434765006407F2 /* ModuleCondition.h */,
				2CB5B4EB13434765006407F2 /* ModuleCondition.c */,
				2C72F3D21349CC5200531114 /* ModuleRef.h */,
				2C72F3D31349CC5200531114 /* ModuleRef.c */,
				32BAE0B30371A71500C91783 /* ModuleLoader_Prefix.pch */,
				2CB5B4EF13434799006407F2 /* VersionCondition.h */,
				2CB5B4F013434799006407F2 /* VersionCondition.c */,
				2C813B820B4CAC4F000FF2FE /* findModule.h */,
				2C813B830B4CAC4F000FF2FE /* findModule.c */,
				2C003D7810A8F7C7003C3066 /* findModuleMain.c */,
				2CB99B8010AA4801002C5D32 /* EventHandlers.h */,
				2CB99B8110AA4801002C5D32 /* EventHandlers.c */,
				2C1AD26310B04BBF004B9EDB /* ModuleLoaderConstants.h */,
				2C7C4AEB10C3C14A00FFB0B1 /* ExtractDependencies.h */,
				2C7C4AEC10C3C14A00FFB0B1 /* ExtractDependencies.c */,
			);
			name = Source;
			sourceTree = "<group>";
		};
		19C28FB4FE9D528D11CA2CBB /* Products */ = {
			isa = PBXGroup;
			children = (
				8D01CCD20486CAD60068D4B7 /* ModuleLoader.osax */,
				2C813C750B4CD75C000FF2FE /* ModuleLoaderTestApp.app */,
				2C003D7410A8F7A1003C3066 /* findModule */,
				2C5B3B7C10B98242004396E4 /* ModuleLoader.osax */,
				2C2CD6AC10BCB79C008CA461 /* ModuleLoader.osax */,
				2CAFFE0B10C6257C002B217C /* DummyDictionary.framework */,
			);
			name = Products;
			sourceTree = "<group>";
		};
		2C72F2DA13485DFE00531114 /* TXRegularExpression */ = {
			isa = PBXGroup;
			children = (
				2C72F2DB13485DFE00531114 /* icu_regex.h */,
				2C72F2DC13485DFE00531114 /* TXRegularExpression.c */,
				2C72F2DD13485DFE00531114 /* TXRegularExpression.h */,
				2C72F2DE13485DFE00531114 /* UErrorCode.h */,
			);
			path = TXRegularExpression;
			sourceTree = "<group>";
		};
		2C8E294E10BFD810008C44A9 /* Scripts */ = {
			isa = PBXGroup;
			children = (
				2C8E295510BFD835008C44A9 /* ModuleCache.applescript */,
				2C8E295410BFD82B008C44A9 /* FastList.applescript */,
				2C24C07B10AAEB31007144CD /* loader.applescript */,
				2C8E296110BFD9B6008C44A9 /* ConsoleLog.applescript */,
				2C706CAC10AD0AA800208505 /* LocalLoader.applescript */,
				2C525A1C10C42A3B00497709 /* PropertyAccessor.applescript */,
				2C6F05B810D3F2CC00733C3B /* ModuleInfo.applescript */,
			);
			name = Scripts;
			sourceTree = "<group>";
		};
		2CB99C3E10AA6364002C5D32 /* AEUtils */ = {
			isa = PBXGroup;
			children = (
				2CB99C3F10AA6364002C5D32 /* AEUtils.c */,
				2CB99C4010AA6364002C5D32 /* AEUtils.h */,
			);
			path = AEUtils;
			sourceTree = "<group>";
		};
		2CEBDE1510AD4EF400B7F6BB /* compiled scripts */ = {
			isa = PBXGroup;
			children = (
				2C706D6110AD336100208505 /* LocalLoader.scpt */,
				2C706D6210AD336100208505 /* loader.scpt */,
			);
			name = "compiled scripts";
			sourceTree = "<group>";
		};
/* End PBXGroup section */

/* Begin PBXNativeTarget section */
		2C003D7310A8F7A1003C3066 /* findModule */ = {
			isa = PBXNativeTarget;
			buildConfigurationList = 2C003D7A10A8F7C7003C3066 /* Build configuration list for PBXNativeTarget "findModule" */;
			buildPhases = (
				2C40269C10B562EA00BBF1B5 /* ShellScript */,
				2C003D7110A8F7A1003C3066 /* Sources */,
				2C003D7210A8F7A1003C3066 /* Frameworks */,
			);
			buildRules = (
			);
			dependencies = (
			);
			name = findModule;
			productName = findModule;
			productReference = 2C003D7410A8F7A1003C3066 /* findModule */;
			productType = "com.apple.product-type.tool";
		};
		2C2CD69710BCB79C008CA461 /* ModuleLoader for 10.4 */ = {
			isa = PBXNativeTarget;
			buildConfigurationList = 2C2CD6A910BCB79C008CA461 /* Build configuration list for PBXNativeTarget "ModuleLoader for 10.4" */;
			buildPhases = (
				2C2CD69810BCB79C008CA461 /* ShellScript */,
				2C2CD69910BCB79C008CA461 /* ShellScript */,
				2C2CD69A10BCB79C008CA461 /* Resources */,
				2C2CD6A010BCB79C008CA461 /* Sources */,
				2C2CD6A510BCB79C008CA461 /* Frameworks */,
				2C2CD6A710BCB79C008CA461 /* Rez */,
			);
			buildRules = (
			);
			dependencies = (
			);
			name = "ModuleLoader for 10.4";
			productInstallPath = "$(HOME)/Library/Bundles";
			productName = LoadModule;
			productReference = 2C2CD6AC10BCB79C008CA461 /* ModuleLoader.osax */;
			productType = "com.apple.product-type.bundle";
		};
		2C5B3B6910B98242004396E4 /* ModuleLoader */ = {
			isa = PBXNativeTarget;
			buildConfigurationList = 2C5B3B7910B98242004396E4 /* Build configuration list for PBXNativeTarget "ModuleLoader" */;
			buildPhases = (
				2C5B3B6A10B98242004396E4 /* ShellScript */,
				2C5B3B6B10B98242004396E4 /* ShellScript */,
				2C5B3B6C10B98242004396E4 /* Resources */,
				2C5B3B7110B98242004396E4 /* Sources */,
				2C5B3B7510B98242004396E4 /* Frameworks */,
				2C5B3B7710B98242004396E4 /* Rez */,
			);
			buildRules = (
			);
			dependencies = (
				2CAFFE8D10C64202002B217C /* PBXTargetDependency */,
			);
			name = ModuleLoader;
			productInstallPath = "$(HOME)/Library/Bundles";
			productName = LoadModule;
			productReference = 2C5B3B7C10B98242004396E4 /* ModuleLoader.osax */;
			productType = "com.apple.product-type.bundle";
		};
		2C813C740B4CD75C000FF2FE /* ModuleLoaderTestApp */ = {
			isa = PBXNativeTarget;
			buildConfigurationList = 2C813C780B4CD75D000FF2FE /* Build configuration list for PBXNativeTarget "ModuleLoaderTestApp" */;
			buildPhases = (
				2C813C720B4CD75C000FF2FE /* Sources */,
				2C813C730B4CD75C000FF2FE /* Frameworks */,
				2CC755100B9EE5E800D009A7 /* ShellScript */,
				2C813C710B4CD75C000FF2FE /* Resources */,
				2C813D740B4CDD09000FF2FE /* Rez */,
			);
			buildRules = (
				2C813D5A0B4CDC2D000FF2FE /* PBXBuildRule */,
			);
			dependencies = (
				2CAF009B10C81972002B217C /* PBXTargetDependency */,
			);
			name = ModuleLoaderTestApp;
			productName = LoadModuleApp;
			productReference = 2C813C750B4CD75C000FF2FE /* ModuleLoaderTestApp.app */;
			productType = "com.apple.product-type.application";
		};
		2CAFFE0A10C6257C002B217C /* DummyDictionary */ = {
			isa = PBXNativeTarget;
			buildConfigurationList = 2CAFFE0F10C6257D002B217C /* Build configuration list for PBXNativeTarget "DummyDictionary" */;
			buildPhases = (
				2CAFFE7210C636C4002B217C /* ShellScript */,
				2CAFFE1F10C625ED002B217C /* Rez */,
			);
			buildRules = (
			);
			dependencies = (
			);
			name = DummyDictionary;
			productName = DummyDIctionary;
			productReference = 2CAFFE0B10C6257C002B217C /* DummyDictionary.framework */;
			productType = "com.apple.product-type.framework";
		};
		8D01CCC60486CAD60068D4B7 /* ModuleLoader for 10.5 */ = {
			isa = PBXNativeTarget;
			buildConfigurationList = 4FADC23308B4156C00ABE55E /* Build configuration list for PBXNativeTarget "ModuleLoader for 10.5" */;
			buildPhases = (
				2C40269810B562B800BBF1B5 /* ShellScript */,
				2CB99D6110AA933F002C5D32 /* ShellScript */,
				8D01CCC90486CAD60068D4B7 /* Resources */,
				8D01CCCB0486CAD60068D4B7 /* Sources */,
				8D01CCCD0486CAD60068D4B7 /* Frameworks */,
				2CB99DCB10AA9591002C5D32 /* Rez */,
				2C4E433F1227E1570097C4B8 /* ShellScript */,
			);
			buildRules = (
			);
			dependencies = (
				2CAFFE1410C625DD002B217C /* PBXTargetDependency */,
			);
			name = "ModuleLoader for 10.5";
			productInstallPath = "$(HOME)/Library/Bundles";
			productName = LoadModule;
			productReference = 8D01CCD20486CAD60068D4B7 /* ModuleLoader.osax */;
			productType = "com.apple.product-type.bundle";
		};
/* End PBXNativeTarget section */

/* Begin PBXProject section */
		089C1669FE841209C02AAC07 /* Project object */ = {
			isa = PBXProject;
			buildConfigurationList = 4FADC23708B4156C00ABE55E /* Build configuration list for PBXProject "ModuleLoader" */;
			compatibilityVersion = "Xcode 3.1";
			hasScannedForEncodings = 1;
			mainGroup = 089C166AFE841209C02AAC07 /* LoadModule */;
			projectDirPath = "";
			projectRoot = "";
			targets = (
				2C5B3B6910B98242004396E4 /* ModuleLoader */,
				8D01CCC60486CAD60068D4B7 /* ModuleLoader for 10.5 */,
				2C2CD69710BCB79C008CA461 /* ModuleLoader for 10.4 */,
				2C813C740B4CD75C000FF2FE /* ModuleLoaderTestApp */,
				2C003D7310A8F7A1003C3066 /* findModule */,
				2CAFFE0A10C6257C002B217C /* DummyDictionary */,
			);
		};
/* End PBXProject section */

/* Begin PBXResourcesBuildPhase section */
		2C2CD69A10BCB79C008CA461 /* Resources */ = {
			isa = PBXResourcesBuildPhase;
			buildActionMask = 2147483647;
			files = (
				2C2CD69B10BCB79C008CA461 /* LocalLoader.scpt in Resources */,
				2C2CD69C10BCB79C008CA461 /* loader.scpt in Resources */,
				2C2CD69D10BCB79C008CA461 /* ModuleLoader.sdef in Resources */,
				2C2CD69E10BCB79C008CA461 /* InfoPlist.strings in Resources */,
			);
			runOnlyForDeploymentPostprocessing = 0;
		};
		2C5B3B6C10B98242004396E4 /* Resources */ = {
			isa = PBXResourcesBuildPhase;
			buildActionMask = 2147483647;
			files = (
				2C5B3B6D10B98242004396E4 /* LocalLoader.scpt in Resources */,
				2C5B3B6E10B98242004396E4 /* loader.scpt in Resources */,
				2C5B3B6F10B98242004396E4 /* ModuleLoader.sdef in Resources */,
				2C5B3B7010B98242004396E4 /* InfoPlist.strings in Resources */,
			);
			runOnlyForDeploymentPostprocessing = 0;
		};
		2C813C710B4CD75C000FF2FE /* Resources */ = {
			isa = PBXResourcesBuildPhase;
			buildActionMask = 2147483647;
			files = (
				2C706D6C10AD3A1A00208505 /* LocalLoader.scpt in Resources */,
				2C706D6B10AD3A1400208505 /* loader.scpt in Resources */,
			);
			runOnlyForDeploymentPostprocessing = 0;
		};
		8D01CCC90486CAD60068D4B7 /* Resources */ = {
			isa = PBXResourcesBuildPhase;
			buildActionMask = 2147483647;
			files = (
				2C706D9810AD3C4D00208505 /* LocalLoader.scpt in Resources */,
				2C706D9910AD3C4D00208505 /* loader.scpt in Resources */,
				2CB99DCD10AA9625002C5D32 /* ModuleLoader.sdef in Resources */,
				8D01CCCA0486CAD60068D4B7 /* InfoPlist.strings in Resources */,
			);
			runOnlyForDeploymentPostprocessing = 0;
		};
/* End PBXResourcesBuildPhase section */

/* Begin PBXRezBuildPhase section */
		2C2CD6A710BCB79C008CA461 /* Rez */ = {
			isa = PBXRezBuildPhase;
			buildActionMask = 2147483647;
			files = (
				2C2CD6A810BCB79C008CA461 /* ModuleLoader.r in Rez */,
			);
			runOnlyForDeploymentPostprocessing = 0;
		};
		2C5B3B7710B98242004396E4 /* Rez */ = {
			isa = PBXRezBuildPhase;
			buildActionMask = 2147483647;
			files = (
				2C5B3B7810B98242004396E4 /* ModuleLoader.r in Rez */,
			);
			runOnlyForDeploymentPostprocessing = 0;
		};
		2C813D740B4CDD09000FF2FE /* Rez */ = {
			isa = PBXRezBuildPhase;
			buildActionMask = 2147483647;
			files = (
				2CB99BCB10AA56AF002C5D32 /* ModuleLoader.r in Rez */,
			);
			runOnlyForDeploymentPostprocessing = 0;
		};
		2CAFFE1F10C625ED002B217C /* Rez */ = {
			isa = PBXRezBuildPhase;
			buildActionMask = 2147483647;
			files = (
				2CAFFE1110C625C0002B217C /* ModuleLoader.r in Rez */,
			);
			runOnlyForDeploymentPostprocessing = 0;
		};
		2CB99DCB10AA9591002C5D32 /* Rez */ = {
			isa = PBXRezBuildPhase;
			buildActionMask = 2147483647;
			files = (
				2CB99DC310AA958A002C5D32 /* ModuleLoader.r in Rez */,
			);
			runOnlyForDeploymentPostprocessing = 0;
		};
/* End PBXRezBuildPhase section */

/* Begin PBXShellScriptBuildPhase section */
		2C2CD69810BCB79C008CA461 /* ShellScript */ = {
			isa = PBXShellScriptBuildPhase;
			buildActionMask = 8;
			files = (
			);
			inputPaths = (
			);
			outputPaths = (
			);
			runOnlyForDeploymentPostprocessing = 1;
			shellPath = /bin/sh;
			shellScript = "exit 0;\nosascript <<EOS\ntry\ntell application \"Finder\"\n        set theItem to POSIX file \"${INSTALL_DIR}/${PRODUCT_NAME}\"\n        delete (theItem as alias)\nend tell\nend try\nreturn\nEOS\n";
		};
		2C2CD69910BCB79C008CA461 /* ShellScript */ = {
			isa = PBXShellScriptBuildPhase;
			buildActionMask = 2147483647;
			files = (
			);
			inputPaths = (
				"${SRCROOT}/ModuleLoader.sdef",
				"$(SRCROOT)/LocalLoader.applescript",
				"$(SRCROOT)/loader.applescript",
			);
			outputPaths = (
				"${SRCROOT}/ModuleLoader.r",
				"$(SRCROOT)/loder.scpt",
				"$(SRCROOT)/LocalLoader.scpt",
			);
			runOnlyForDeploymentPostprocessing = 0;
			shellPath = /bin/sh;
			shellScript = "/usr/bin/sdp -f a -o \"${SRCROOT}/ModuleLoader.r\" ModuleLoader.sdef\nosacompile -d -o loader.scpt loader.applescript\nosacompile -d -o LocalLoader.scpt LocalLoader.applescript";
		};
		2C40269810B562B800BBF1B5 /* ShellScript */ = {
			isa = PBXShellScriptBuildPhase;
			buildActionMask = 8;
			files = (
			);
			inputPaths = (
			);
			outputPaths = (
			);
			runOnlyForDeploymentPostprocessing = 1;
			shellPath = /bin/sh;
			shellScript = "exit 0;\nosascript <<EOS\ntry\ntell application \"Finder\"\n        set theItem to POSIX file \"${INSTALL_DIR}/${PRODUCT_NAME}\"\n        delete (theItem as alias)\nend tell\nend try\nreturn\nEOS\n";
		};
		2C40269C10B562EA00BBF1B5 /* ShellScript */ = {
			isa = PBXShellScriptBuildPhase;
			buildActionMask = 8;
			files = (
			);
			inputPaths = (
			);
			outputPaths = (
			);
			runOnlyForDeploymentPostprocessing = 1;
			shellPath = /bin/sh;
			shellScript = "osascript <<EOS\ntry\ntell application \"Finder\"\n        set theItem to POSIX file \"${INSTALL_DIR}/${PRODUCT_NAME}\"\n        delete (theItem as alias)\nend tell\nend try\nreturn\nEOS\n";
		};
		2C4E433F1227E1570097C4B8 /* ShellScript */ = {
			isa = PBXShellScriptBuildPhase;
			buildActionMask = 2147483647;
			files = (
			);
			inputPaths = (
				"$(SRCROOT)/Info_10_6.plist",
			);
			outputPaths = (
				"${BUILT_PRODUCTS_DIR}/${UNLOCALIZED_RESOURCES_FOLDER_PATH}/Info_10_6.plist",
			);
			runOnlyForDeploymentPostprocessing = 0;
			shellPath = /bin/sh;
			shellScript = "plist=`cat \"${SCRIPT_INPUT_FILE_0}\"`\neval echo \\\"$plist\\\" > \"${SCRIPT_OUTPUT_FILE_0}\"\n";
		};
		2C5B3B6A10B98242004396E4 /* ShellScript */ = {
			isa = PBXShellScriptBuildPhase;
			buildActionMask = 8;
			files = (
			);
			inputPaths = (
			);
			outputPaths = (
			);
			runOnlyForDeploymentPostprocessing = 1;
			shellPath = /bin/sh;
			shellScript = "osascript <<EOS\ntry\ntell application \"Finder\"\n        set theItem to POSIX file \"${INSTALL_DIR}/${PRODUCT_NAME}\"\n        delete (theItem as alias)\nend tell\nend try\nreturn\nEOS\n";
		};
		2C5B3B6B10B98242004396E4 /* ShellScript */ = {
			isa = PBXShellScriptBuildPhase;
			buildActionMask = 2147483647;
			files = (
			);
			inputPaths = (
				"$(SRCROOT)/LocalLoader.applescript",
				"$(SRCROOT)/loader.applescript",
			);
			outputPaths = (
				"$(SRCROOT)/loder.scpt",
				"$(SRCROOT)/LocalLoader.scpt",
			);
			runOnlyForDeploymentPostprocessing = 0;
			shellPath = /bin/sh;
			shellScript = "DICT_FRAMEWORK=\"build/${BUILD_STYLE}/DummyDictionary.framework\"\nosacompile -dx -i ${DICT_FRAMEWORK} -o loader.scpt loader.applescript\nosacompile -dx -i ${DICT_FRAMEWORK} -o LocalLoader.scpt LocalLoader.applescript";
		};
		2CAFFE7210C636C4002B217C /* ShellScript */ = {
			isa = PBXShellScriptBuildPhase;
			buildActionMask = 2147483647;
			files = (
			);
			inputPaths = (
				"$(SRCROOT)/ModuleLoader.sdef",
			);
			outputPaths = (
				"$(SRCROOT)/ModuleLoader.r",
			);
			runOnlyForDeploymentPostprocessing = 0;
			shellPath = /bin/sh;
			shellScript = "/usr/bin/sdp -f a -o \"${SRCROOT}/ModuleLoader.r\" ModuleLoader.sdef";
		};
		2CB99D6110AA933F002C5D32 /* ShellScript */ = {
			isa = PBXShellScriptBuildPhase;
			buildActionMask = 2147483647;
			files = (
			);
			inputPaths = (
				"$(SRCROOT)/LocalLoader.applescript",
				"$(SRCROOT)/loader.applescript",
			);
			outputPaths = (
				"$(SRCROOT)/loder.scpt",
				"$(SRCROOT)/LocalLoader.scpt",
			);
			runOnlyForDeploymentPostprocessing = 0;
			shellPath = /bin/sh;
			shellScript = "DICT_FRAMEWORK=\"build/${BUILD_STYLE}/DummyDictionary.framework\"\nosacompile -dx -i ${DICT_FRAMEWORK} -o loader.scpt loader.applescript\nosacompile -dx -i ${DICT_FRAMEWORK} -o LocalLoader.scpt LocalLoader.applescript";
		};
		2CC755100B9EE5E800D009A7 /* ShellScript */ = {
			isa = PBXShellScriptBuildPhase;
			buildActionMask = 2147483647;
			files = (
			);
			inputPaths = (
				"$(SRCROOT)/LocalLoader.applescript",
				"$(SRCROOT)/loader.applescript",
			);
			outputPaths = (
				"$(SRCROOT)/LocalLoader.scpt",
				"$(SRCROOT)/loader.scpt",
			);
			runOnlyForDeploymentPostprocessing = 0;
			shellPath = /bin/sh;
			shellScript = "DICT_FRAMEWORK=\"build/${BUILD_STYLE}/DummyDictionary.framework\"\nosacompile -d -i ${DICT_FRAMEWORK} -o loader.scpt loader.applescript\nosacompile -d -i ${DICT_FRAMEWORK} -o LocalLoader.scpt LocalLoader.applescript";
		};
/* End PBXShellScriptBuildPhase section */

/* Begin PBXSourcesBuildPhase section */
		2C003D7110A8F7A1003C3066 /* Sources */ = {
			isa = PBXSourcesBuildPhase;
			buildActionMask = 2147483647;
			files = (
				2C003D7910A8F7C7003C3066 /* findModuleMain.c in Sources */,
			);
			runOnlyForDeploymentPostprocessing = 0;
		};
		2C2CD6A010BCB79C008CA461 /* Sources */ = {
			isa = PBXSourcesBuildPhase;
			buildActionMask = 2147483647;
			files = (
				2C2CD6A110BCB79C008CA461 /* main.c in Sources */,
				2C2CD6A210BCB79C008CA461 /* findModule.c in Sources */,
				2C2CD6A310BCB79C008CA461 /* EventHandlers.c in Sources */,
				2C2CD6A410BCB79C008CA461 /* AEUtils.c in Sources */,
				2C525A0110C428D800497709 /* ExtractDependencies.c in Sources */,
				2CB5B4ED13434765006407F2 /* ModuleCondition.c in Sources */,
				2CB5B4F213434799006407F2 /* VersionCondition.c in Sources */,
				2C72F2E013485DFE00531114 /* TXRegularExpression.c in Sources */,
				2C72F3D61349CC5200531114 /* ModuleRef.c in Sources */,
			);
			runOnlyForDeploymentPostprocessing = 0;
		};
		2C5B3B7110B98242004396E4 /* Sources */ = {
			isa = PBXSourcesBuildPhase;
			buildActionMask = 2147483647;
			files = (
				2C5B3B7210B98242004396E4 /* findModule.c in Sources */,
				2C5B3B7310B98242004396E4 /* EventHandlers.c in Sources */,
				2C5B3B7410B98242004396E4 /* AEUtils.c in Sources */,
				2C525A0210C428D900497709 /* ExtractDependencies.c in Sources */,
				2CB5B4EC13434765006407F2 /* ModuleCondition.c in Sources */,
				2CB5B4F113434799006407F2 /* VersionCondition.c in Sources */,
				2C72F2DF13485DFE00531114 /* TXRegularExpression.c in Sources */,
				2C72F3D51349CC5200531114 /* ModuleRef.c in Sources */,
			);
			runOnlyForDeploymentPostprocessing = 0;
		};
		2C813C720B4CD75C000FF2FE /* Sources */ = {
			isa = PBXSourcesBuildPhase;
			buildActionMask = 2147483647;
			files = (
				2C813D120B4CD782000FF2FE /* main.c in Sources */,
				2C813D130B4CD782000FF2FE /* findModule.c in Sources */,
				2CB99B8210AA4801002C5D32 /* EventHandlers.c in Sources */,
				2CB99C4110AA6364002C5D32 /* AEUtils.c in Sources */,
				2C7C4AED10C3C14A00FFB0B1 /* ExtractDependencies.c in Sources */,
				2C72F2E213485DFE00531114 /* TXRegularExpression.c in Sources */,
				2C72F3D71349CC5200531114 /* ModuleRef.c in Sources */,
				2C72F450134A044E00531114 /* VersionCondition.c in Sources */,
				2CD416F7134AAD230036F260 /* ModuleCondition.c in Sources */,
			);
			runOnlyForDeploymentPostprocessing = 0;
		};
		8D01CCCB0486CAD60068D4B7 /* Sources */ = {
			isa = PBXSourcesBuildPhase;
			buildActionMask = 2147483647;
			files = (
				2C2CD68710BCB6E2008CA461 /* main.c in Sources */,
				2C813B840B4CAC4F000FF2FE /* findModule.c in Sources */,
				2CB99B8310AA4801002C5D32 /* EventHandlers.c in Sources */,
				2CB99C4210AA6364002C5D32 /* AEUtils.c in Sources */,
				2C525A0010C428D600497709 /* ExtractDependencies.c in Sources */,
				2CB5B4EE13434765006407F2 /* ModuleCondition.c in Sources */,
				2CB5B4F313434799006407F2 /* VersionCondition.c in Sources */,
				2C72F2E113485DFE00531114 /* TXRegularExpression.c in Sources */,
				2C72F3D41349CC5200531114 /* ModuleRef.c in Sources */,
			);
			runOnlyForDeploymentPostprocessing = 0;
		};
/* End PBXSourcesBuildPhase section */

/* Begin PBXTargetDependency section */
		2CAF009B10C81972002B217C /* PBXTargetDependency */ = {
			isa = PBXTargetDependency;
			target = 2CAFFE0A10C6257C002B217C /* DummyDictionary */;
			targetProxy = 2CAF009A10C81972002B217C /* PBXContainerItemProxy */;
		};
		2CAFFE1410C625DD002B217C /* PBXTargetDependency */ = {
			isa = PBXTargetDependency;
			target = 2CAFFE0A10C6257C002B217C /* DummyDictionary */;
			targetProxy = 2CAFFE1310C625DD002B217C /* PBXContainerItemProxy */;
		};
		2CAFFE8D10C64202002B217C /* PBXTargetDependency */ = {
			isa = PBXTargetDependency;
			target = 2CAFFE0A10C6257C002B217C /* DummyDictionary */;
			targetProxy = 2CAFFE8C10C64202002B217C /* PBXContainerItemProxy */;
		};
/* End PBXTargetDependency section */

/* Begin PBXVariantGroup section */
		089C167DFE841241C02AAC07 /* InfoPlist.strings */ = {
			isa = PBXVariantGroup;
			children = (
				089C167EFE841241C02AAC07 /* English */,
			);
			name = InfoPlist.strings;
			sourceTree = "<group>";
		};
/* End PBXVariantGroup section */

/* Begin XCBuildConfiguration section */
		2C003D7710A8F7A2003C3066 /* Release */ = {
			isa = XCBuildConfiguration;
			buildSettings = {
				ALWAYS_SEARCH_USER_PATHS = NO;
				COPY_PHASE_STRIP = YES;
				DEBUG_INFORMATION_FORMAT = "dwarf-with-dsym";
				GCC_ENABLE_FIX_AND_CONTINUE = NO;
				GCC_MODEL_TUNING = G5;
				GCC_PRECOMPILE_PREFIX_HEADER = YES;
				GCC_PREFIX_HEADER = "$(SYSTEM_LIBRARY_DIR)/Frameworks/Carbon.framework/Headers/Carbon.h";
				INSTALL_PATH = /usr/local/bin;
				OTHER_LDFLAGS = (
					"-framework",
					Carbon,
				);
				PREBINDING = NO;
				PRODUCT_NAME = findModule;
				ZERO_LINK = NO;
			};
			name = Release;
		};
		2C2CD6AB10BCB79C008CA461 /* Release */ = {
			isa = XCBuildConfiguration;
			buildSettings = {
				ARCHS = "$(ARCHS_STANDARD_32_BIT)";
				CURRENT_PROJECT_VERSION = 34;
				GCC_GENERATE_DEBUGGING_SYMBOLS = NO;
				GCC_MODEL_TUNING = G5;
				GCC_PRECOMPILE_PREFIX_HEADER = YES;
				GCC_PREFIX_HEADER = ModuleLoader_Prefix.pch;
				INFOPLIST_FILE = Info_10_5.plist;
				INSTALL_PATH = /Library/ScriptingAdditions;
				PRODUCT_NAME = ModuleLoader;
				SDKROOT = macosx10.4;
				SYMROOT = build_10_4;
				VERSIONING_SYSTEM = "apple-generic";
				WRAPPER_EXTENSION = osax;
			};
			name = Release;
		};
		2C5B3B7B10B98242004396E4 /* Release */ = {
			isa = XCBuildConfiguration;
			buildSettings = {
				ARCHS = "$(ARCHS_STANDARD_32_64_BIT)";
				CURRENT_PROJECT_VERSION = 34;
				GCC_GENERATE_DEBUGGING_SYMBOLS = NO;
				GCC_MODEL_TUNING = G5;
				GCC_PRECOMPILE_PREFIX_HEADER = YES;
				GCC_PREFIX_HEADER = ModuleLoader_Prefix.pch;
				INFOPLIST_FILE = Info_10_6.plist;
				INSTALL_PATH = /Library/ScriptingAdditions;
				PRODUCT_NAME = ModuleLoader;
				SYMROOT = build;
				VERSIONING_SYSTEM = "apple-generic";
				WRAPPER_EXTENSION = osax;
			};
			name = Release;
		};
		2C813C7A0B4CD75D000FF2FE /* Release */ = {
			isa = XCBuildConfiguration;
			buildSettings = {
				ARCHS = (
					ppc,
					i386,
				);
				COPY_PHASE_STRIP = YES;
				GCC_ENABLE_FIX_AND_CONTINUE = NO;
				GCC_GENERATE_DEBUGGING_SYMBOLS = NO;
				GCC_MODEL_TUNING = G5;
				GCC_PRECOMPILE_PREFIX_HEADER = YES;
				GCC_PREFIX_HEADER = "$(SYSTEM_LIBRARY_DIR)/Frameworks/Carbon.framework/Headers/Carbon.h";
				INFOPLIST_FILE = "ModuleLoaderTestApp-Info.plist";
				INSTALL_PATH = "$(HOME)/Applications";
				OTHER_LDFLAGS = (
					"-framework",
					Carbon,
				);
				PREBINDING = NO;
				PRODUCT_NAME = ModuleLoaderTestApp;
				SDKROOT = macosx10.4;
				WRAPPER_EXTENSION = app;
				ZERO_LINK = NO;
			};
			name = Release;
		};
		2CAFFE0E10C6257D002B217C /* Release */ = {
			isa = XCBuildConfiguration;
			buildSettings = {
				ALWAYS_SEARCH_USER_PATHS = NO;
				COPY_PHASE_STRIP = YES;
				DEBUG_INFORMATION_FORMAT = "dwarf-with-dsym";
				DYLIB_COMPATIBILITY_VERSION = 1;
				DYLIB_CURRENT_VERSION = 34;
				FRAMEWORK_VERSION = A;
				GCC_ENABLE_FIX_AND_CONTINUE = NO;
				GCC_MODEL_TUNING = G5;
				GCC_PRECOMPILE_PREFIX_HEADER = YES;
				GCC_PREFIX_HEADER = "$(SYSTEM_LIBRARY_DIR)/Frameworks/Carbon.framework/Headers/Carbon.h";
				INFOPLIST_FILE = "DummyDictionary-Info.plist";
				INSTALL_PATH = "$(HOME)/Library/Frameworks";
				OTHER_LDFLAGS = (
					"-framework",
					Carbon,
				);
				PREBINDING = NO;
				PRODUCT_NAME = DummyDictionary;
				SKIP_INSTALL = YES;
				ZERO_LINK = NO;
			};
			name = Release;
		};
		2CAFFE3D10C63528002B217C /* Debug */ = {
			isa = XCBuildConfiguration;
			buildSettings = {
				GCC_C_LANGUAGE_STANDARD = c99;
				GCC_ENABLE_FIX_AND_CONTINUE = NO;
				GCC_WARN_ABOUT_RETURN_TYPE = YES;
				GCC_WARN_UNUSED_VARIABLE = YES;
				PREBINDING = NO;
				PRODUCT_VERSION = 2.3b;
				REZ_SHOW_DEBUG_OUTPUT = NO;
				SDKROOT = macosx10.5;
			};
			name = Debug;
		};
		2CAFFE3E10C63528002B217C /* Debug */ = {
			isa = XCBuildConfiguration;
			buildSettings = {
				ARCHS = "$(ARCHS_STANDARD_32_64_BIT)";
				CURRENT_PROJECT_VERSION = 34;
				GCC_GENERATE_DEBUGGING_SYMBOLS = NO;
				GCC_MODEL_TUNING = G5;
				GCC_PRECOMPILE_PREFIX_HEADER = YES;
				GCC_PREFIX_HEADER = ModuleLoader_Prefix.pch;
				INFOPLIST_FILE = Info_10_6.plist;
				INSTALL_PATH = /Library/ScriptingAdditions;
				PRODUCT_NAME = ModuleLoader;
				SYMROOT = build;
				VERSIONING_SYSTEM = "apple-generic";
				WRAPPER_EXTENSION = osax;
			};
			name = Debug;
		};
		2CAFFE3F10C63528002B217C /* Debug */ = {
			isa = XCBuildConfiguration;
			buildSettings = {
				ARCHS = (
					ppc,
					i386,
				);
				CURRENT_PROJECT_VERSION = 34;
				GCC_GENERATE_DEBUGGING_SYMBOLS = NO;
				GCC_MODEL_TUNING = G5;
				GCC_PRECOMPILE_PREFIX_HEADER = YES;
				GCC_PREFIX_HEADER = ModuleLoader_Prefix.pch;
				INFOPLIST_FILE = Info_10_5.plist;
				INSTALL_PATH = /Library/ScriptingAdditions;
				PRODUCT_NAME = ModuleLoader;
				SYMROOT = build_10_5;
				VERSIONING_SYSTEM = "apple-generic";
				WRAPPER_EXTENSION = osax;
			};
			name = Debug;
		};
		2CAFFE4010C63528002B217C /* Debug */ = {
			isa = XCBuildConfiguration;
			buildSettings = {
				ARCHS = "$(ARCHS_STANDARD_32_BIT)";
				CURRENT_PROJECT_VERSION = 34;
				GCC_GENERATE_DEBUGGING_SYMBOLS = NO;
				GCC_MODEL_TUNING = G5;
				GCC_PRECOMPILE_PREFIX_HEADER = YES;
				GCC_PREFIX_HEADER = ModuleLoader_Prefix.pch;
				INFOPLIST_FILE = Info_10_5.plist;
				INSTALL_PATH = /Library/ScriptingAdditions;
				PRODUCT_NAME = ModuleLoader;
				SDKROOT = macosx10.4;
				SYMROOT = build_10_4;
				VERSIONING_SYSTEM = "apple-generic";
				WRAPPER_EXTENSION = osax;
			};
			name = Debug;
		};
		2CAFFE4110C63528002B217C /* Debug */ = {
			isa = XCBuildConfiguration;
			buildSettings = {
				ARCHS = "$(NATIVE_ARCH)";
				COPY_PHASE_STRIP = YES;
				GCC_DYNAMIC_NO_PIC = NO;
				GCC_ENABLE_FIX_AND_CONTINUE = YES;
				GCC_GENERATE_DEBUGGING_SYMBOLS = YES;
				GCC_MODEL_TUNING = G5;
				GCC_PRECOMPILE_PREFIX_HEADER = YES;
				GCC_PREFIX_HEADER = "$(SYSTEM_LIBRARY_DIR)/Frameworks/Carbon.framework/Headers/Carbon.h";
				INFOPLIST_FILE = "ModuleLoaderTestApp-Info.plist";
				INSTALL_PATH = "$(HOME)/Applications";
				OTHER_LDFLAGS = (
					"-framework",
					Carbon,
				);
				PREBINDING = NO;
				PRODUCT_NAME = ModuleLoaderTestApp;
				SDKROOT = macosx10.5;
				WRAPPER_EXTENSION = app;
				ZERO_LINK = YES;
			};
			name = Debug;
		};
		2CAFFE4210C63528002B217C /* Debug */ = {
			isa = XCBuildConfiguration;
			buildSettings = {
				ALWAYS_SEARCH_USER_PATHS = NO;
				COPY_PHASE_STRIP = YES;
				DEBUG_INFORMATION_FORMAT = "dwarf-with-dsym";
				GCC_ENABLE_FIX_AND_CONTINUE = NO;
				GCC_MODEL_TUNING = G5;
				GCC_PRECOMPILE_PREFIX_HEADER = YES;
				GCC_PREFIX_HEADER = "$(SYSTEM_LIBRARY_DIR)/Frameworks/Carbon.framework/Headers/Carbon.h";
				INSTALL_PATH = /usr/local/bin;
				OTHER_LDFLAGS = (
					"-framework",
					Carbon,
				);
				PREBINDING = NO;
				PRODUCT_NAME = findModule;
				ZERO_LINK = NO;
			};
			name = Debug;
		};
		2CAFFE4310C63528002B217C /* Debug */ = {
			isa = XCBuildConfiguration;
			buildSettings = {
				ALWAYS_SEARCH_USER_PATHS = NO;
				COPY_PHASE_STRIP = YES;
				DEBUG_INFORMATION_FORMAT = "dwarf-with-dsym";
				DYLIB_COMPATIBILITY_VERSION = 1;
				DYLIB_CURRENT_VERSION = 34;
				FRAMEWORK_VERSION = A;
				GCC_ENABLE_FIX_AND_CONTINUE = NO;
				GCC_MODEL_TUNING = G5;
				GCC_PRECOMPILE_PREFIX_HEADER = YES;
				GCC_PREFIX_HEADER = "$(SYSTEM_LIBRARY_DIR)/Frameworks/Carbon.framework/Headers/Carbon.h";
				INFOPLIST_FILE = "DummyDictionary-Info.plist";
				INSTALL_PATH = "$(HOME)/Library/Frameworks";
				OTHER_LDFLAGS = (
					"-framework",
					Carbon,
				);
				PREBINDING = NO;
				PRODUCT_NAME = DummyDictionary;
				ZERO_LINK = NO;
			};
			name = Debug;
		};
		4FADC23508B4156C00ABE55E /* Release */ = {
			isa = XCBuildConfiguration;
			buildSettings = {
				ARCHS = "$(ARCHS_STANDARD_32_64_BIT)";
				CURRENT_PROJECT_VERSION = 34;
				GCC_GENERATE_DEBUGGING_SYMBOLS = NO;
				GCC_MODEL_TUNING = G4;
				GCC_PRECOMPILE_PREFIX_HEADER = YES;
				GCC_PREFIX_HEADER = ModuleLoader_Prefix.pch;
				INFOPLIST_FILE = Info_10_5.plist;
				INSTALL_PATH = /Library/ScriptingAdditions;
				"MACOSX_DEPLOYMENT_TARGET[sdk=macosx10.4]" = 10.4;
				PRODUCT_NAME = ModuleLoader;
				"SDKROOT[arch=i386]" = macosx10.4;
				"SDKROOT[arch=ppc]" = macosx10.4;
				SYMROOT = build_10_5;
				VERSIONING_SYSTEM = "apple-generic";
				WRAPPER_EXTENSION = osax;
			};
			name = Release;
		};
		4FADC23908B4156C00ABE55E /* Release */ = {
			isa = XCBuildConfiguration;
			buildSettings = {
				ARCHS = "$(ARCHS_STANDARD_32_64_BIT)";
				GCC_C_LANGUAGE_STANDARD = c99;
				GCC_WARN_ABOUT_RETURN_TYPE = YES;
				GCC_WARN_UNUSED_VARIABLE = YES;
				PREBINDING = NO;
				PRODUCT_VERSION = 2.3b;
				SDKROOT = macosx10.5;
			};
			name = Release;
		};
/* End XCBuildConfiguration section */

/* Begin XCConfigurationList section */
		2C003D7A10A8F7C7003C3066 /* Build configuration list for PBXNativeTarget "findModule" */ = {
			isa = XCConfigurationList;
			buildConfigurations = (
				2C003D7710A8F7A2003C3066 /* Release */,
				2CAFFE4210C63528002B217C /* Debug */,
			);
			defaultConfigurationIsVisible = 0;
			defaultConfigurationName = Release;
		};
		2C2CD6A910BCB79C008CA461 /* Build configuration list for PBXNativeTarget "ModuleLoader for 10.4" */ = {
			isa = XCConfigurationList;
			buildConfigurations = (
				2C2CD6AB10BCB79C008CA461 /* Release */,
				2CAFFE4010C63528002B217C /* Debug */,
			);
			defaultConfigurationIsVisible = 0;
			defaultConfigurationName = Release;
		};
		2C5B3B7910B98242004396E4 /* Build configuration list for PBXNativeTarget "ModuleLoader" */ = {
			isa = XCConfigurationList;
			buildConfigurations = (
				2C5B3B7B10B98242004396E4 /* Release */,
				2CAFFE3E10C63528002B217C /* Debug */,
			);
			defaultConfigurationIsVisible = 0;
			defaultConfigurationName = Release;
		};
		2C813C780B4CD75D000FF2FE /* Build configuration list for PBXNativeTarget "ModuleLoaderTestApp" */ = {
			isa = XCConfigurationList;
			buildConfigurations = (
				2C813C7A0B4CD75D000FF2FE /* Release */,
				2CAFFE4110C63528002B217C /* Debug */,
			);
			defaultConfigurationIsVisible = 0;
			defaultConfigurationName = Release;
		};
		2CAFFE0F10C6257D002B217C /* Build configuration list for PBXNativeTarget "DummyDictionary" */ = {
			isa = XCConfigurationList;
			buildConfigurations = (
				2CAFFE0E10C6257D002B217C /* Release */,
				2CAFFE4310C63528002B217C /* Debug */,
			);
			defaultConfigurationIsVisible = 0;
			defaultConfigurationName = Release;
		};
		4FADC23308B4156C00ABE55E /* Build configuration list for PBXNativeTarget "ModuleLoader for 10.5" */ = {
			isa = XCConfigurationList;
			buildConfigurations = (
				4FADC23508B4156C00ABE55E /* Release */,
				2CAFFE3F10C63528002B217C /* Debug */,
			);
			defaultConfigurationIsVisible = 0;
			defaultConfigurationName = Release;
		};
		4FADC23708B4156C00ABE55E /* Build configuration list for PBXProject "ModuleLoader" */ = {
			isa = XCConfigurationList;
			buildConfigurations = (
				4FADC23908B4156C00ABE55E /* Release */,
				2CAFFE3D10C63528002B217C /* Debug */,
			);
			defaultConfigurationIsVisible = 0;
			defaultConfigurationName = Release;
		};
/* End XCConfigurationList section */
	};
	rootObject = 089C1669FE841209C02AAC07 /* Project object */;
}
